
Microsoft Visual Studio Solution File, Format Version 12.00
# Visual Studio Version 17
VisualStudioVersion = 17.1.32210.238
MinimumVisualStudioVersion = 10.0.40219.1
Project("{8BC9CEB8-8B4A-11D0-8D11-00A0C91BC942}") = "sandbox", "sandbox\sandbox.vcxproj", "{49DFAC2F-CC3B-4473-88FF-5C07E38970DD}"
EndProject
Project("{8BC9CEB8-8B4A-11D0-8D11-00A0C91BC942}") = "Oasis", "Oasis\Oasis.vcxproj", "{03BB19DF-294C-4F7E-B504-ED6D9F7E85C5}"
EndProject
Global
	GlobalSection(SolutionConfigurationPlatforms) = preSolution
		Debug|x64 = Debug|x64
		Release|x64 = Release|x64
	EndGlobalSection
	GlobalSection(ProjectConfigurationPlatforms) = postSolution
		{03BB19DF-294C-4F7E-B504-ED6D9F7E85C5}.Debug|x64.ActiveCfg = Debug|x64
		{03BB19DF-294C-4F7E-B504-ED6D9F7E85C5}.Debug|x64.Build.0 = Debug|x64
		{03BB19DF-294C-4F7E-B504-ED6D9F7E85C5}.Release|x64.ActiveCfg = Release|x64
		{03BB19DF-294C-4F7E-B504-ED6D9F7E85C5}.Release|x64.Build.0 = Release|x64
		{49DFAC2F-CC3B-4473-88FF-5C07E38970DD}.Debug|x64.ActiveCfg = Debug|x64
		{49DFAC2F-CC3B-4473-88FF-5C07E38970DD}.Debug|x64.Build.0 = Debug|x64
		{49DFAC2F-CC3B-4473-88FF-5C07E38970DD}.Release|x64.ActiveCfg = Release|x64
		{49DFAC2F-CC3B-4473-88FF-5C07E38970DD}.Release|x64.Build.0 = Release|x64
	EndGlobalSection
	GlobalSection(SolutionProperties) = preSolution
		HideSolutionNode = FALSE
	EndGlobalSection
	GlobalSection(ExtensibilityGlobals) = postSolution
		SolutionGuid = {01C714A8-6F61-4366-BEFD-C2083C7AA67C}
	EndGlobalSection
EndGlobal
