<?xml version="1.0" encoding="utf-8"?>
<Project ToolsVersion="4.0" xmlns="http://schemas.microsoft.com/developer/msbuild/2003">
  <ItemGroup>
    <Filter Include="Oasis">
      <UniqueIdentifier>{E4B7CB0D-50CC-F3BE-194E-971E8521F0EF}</UniqueIdentifier>
    </Filter>
  </ItemGroup>
  <ItemGroup>
    <ClInclude Include="src\Oasis.h" />
    <ClInclude Include="src\Oasis\Application.h">
      <Filter>Oasis</Filter>
    </ClInclude>
    <ClInclude Include="src\Oasis\Core.h">
      <Filter>Oasis</Filter>
    </ClInclude>
    <ClInclude Include="src\Oasis\EntryPoint.h">
      <Filter>Oasis</Filter>
    </ClInclude>
    <ClInclude Include="src\Oasis\OasisLog.h">
      <Filter>Oasis</Filter>
    </ClInclude>
  </ItemGroup>
  <ItemGroup>
    <ClCompile Include="src\Oasis\Application.cpp">
      <Filter>Oasis</Filter>
    </ClCompile>
    <ClCompile Include="src\Oasis\OasisLog.cpp">
      <Filter>Oasis</Filter>
    </ClCompile>
  </ItemGroup>
</Project>